
Microsoft Visual Studio Solution File, Format Version 12.00
# Visual Studio Version 17
VisualStudioVersion = 17.7.34024.191
MinimumVisualStudioVersion = 10.0.40219.1
Project("{9A19103F-16F7-4668-BE54-9A1E7A4F7556}") = "MLModel1_ConsoleApp1", "MLModel1_ConsoleApp1\MLModel1_ConsoleApp1.csproj", "{FA2440F4-4AB5-4493-B58A-493C769C5599}"
EndProject
Global
	GlobalSection(SolutionConfigurationPlatforms) = preSolution
		Debug|Any CPU = Debug|Any CPU
		Release|Any CPU = Release|Any CPU
	EndGlobalSection
	GlobalSection(ProjectConfigurationPlatforms) = postSolution
		{FA2440F4-4AB5-4493-B58A-493C769C5599}.Debug|Any CPU.ActiveCfg = Debug|Any CPU
		{FA2440F4-4AB5-4493-B58A-493C769C5599}.Debug|Any CPU.Build.0 = Debug|Any CPU
		{FA2440F4-4AB5-4493-B58A-493C769C5599}.Release|Any CPU.ActiveCfg = Release|Any CPU
		{FA2440F4-4AB5-4493-B58A-493C769C5599}.Release|Any CPU.Build.0 = Release|Any CPU
	EndGlobalSection
	GlobalSection(SolutionProperties) = preSolution
		HideSolutionNode = FALSE
	EndGlobalSection
	GlobalSection(ExtensibilityGlobals) = postSolution
		SolutionGuid = {E29DA8B4-FDCE-4E84-BA8C-5A7426616CAD}
	EndGlobalSection
EndGlobal
